// !$*UTF8*$!
{
	archiveVersion = 1;
	classes = {
	};
	objectVersion = 48;
	objects = {

/* Begin PBXBuildFile section */
		AF264352203DDCB300D8DBE9 /* AppDelegate.swift in Sources */ = {isa = PBXBuildFile; fileRef = AF264351203DDCB300D8DBE9 /* AppDelegate.swift */; };
		AF264354203DDCB300D8DBE9 /* GameScene.sks in Resources */ = {isa = PBXBuildFile; fileRef = AF264353203DDCB300D8DBE9 /* GameScene.sks */; };
		AF264358203DDCB300D8DBE9 /* GameScene.swift in Sources */ = {isa = PBXBuildFile; fileRef = AF264357203DDCB300D8DBE9 /* GameScene.swift */; };
		AF26435A203DDCB300D8DBE9 /* GameViewController.swift in Sources */ = {isa = PBXBuildFile; fileRef = AF264359203DDCB300D8DBE9 /* GameViewController.swift */; };
		AF26435D203DDCB300D8DBE9 /* Main.storyboard in Resources */ = {isa = PBXBuildFile; fileRef = AF26435B203DDCB300D8DBE9 /* Main.storyboard */; };
		AF26435F203DDCB400D8DBE9 /* Assets.xcassets in Resources */ = {isa = PBXBuildFile; fileRef = AF26435E203DDCB400D8DBE9 /* Assets.xcassets */; };
		AF264362203DDCB400D8DBE9 /* LaunchScreen.storyboard in Resources */ = {isa = PBXBuildFile; fileRef = AF264360203DDCB400D8DBE9 /* LaunchScreen.storyboard */; };
		AF26436A203DDDDD00D8DBE9 /* Helper.swift in Sources */ = {isa = PBXBuildFile; fileRef = AF264369203DDDDD00D8DBE9 /* Helper.swift */; };
		AF264382203E0F5500D8DBE9 /* sliceFuse.sks in Resources */ = {isa = PBXBuildFile; fileRef = AF26436C203E0F5500D8DBE9 /* sliceFuse.sks */; };
		AF264383203E0F5500D8DBE9 /* sliceLife@2x.png in Resources */ = {isa = PBXBuildFile; fileRef = AF26436D203E0F5500D8DBE9 /* sliceLife@2x.png */; };
		AF264384203E0F5500D8DBE9 /* sliceBomb@2x.png in Resources */ = {isa = PBXBuildFile; fileRef = AF26436E203E0F5500D8DBE9 /* sliceBomb@2x.png */; };
		AF264385203E0F5500D8DBE9 /* sliceBackground.png in Resources */ = {isa = PBXBuildFile; fileRef = AF26436F203E0F5500D8DBE9 /* sliceBackground.png */; };
		AF264386203E0F5500D8DBE9 /* sliceLifeGone@2x.png in Resources */ = {isa = PBXBuildFile; fileRef = AF264370203E0F5500D8DBE9 /* sliceLifeGone@2x.png */; };
		AF264387203E0F5500D8DBE9 /* spark.png in Resources */ = {isa = PBXBuildFile; fileRef = AF264371203E0F5500D8DBE9 /* spark.png */; };
		AF264388203E0F5500D8DBE9 /* wrong.caf in Resources */ = {isa = PBXBuildFile; fileRef = AF264372203E0F5500D8DBE9 /* wrong.caf */; };
		AF264389203E0F5500D8DBE9 /* whack.caf in Resources */ = {isa = PBXBuildFile; fileRef = AF264373203E0F5500D8DBE9 /* whack.caf */; };
		AF26438A203E0F5500D8DBE9 /* launch.caf in Resources */ = {isa = PBXBuildFile; fileRef = AF264374203E0F5500D8DBE9 /* launch.caf */; };
		AF26438B203E0F5500D8DBE9 /* penguin.png in Resources */ = {isa = PBXBuildFile; fileRef = AF264375203E0F5500D8DBE9 /* penguin.png */; };
		AF26438C203E0F5500D8DBE9 /* explosion.caf in Resources */ = {isa = PBXBuildFile; fileRef = AF264376203E0F5500D8DBE9 /* explosion.caf */; };
		AF26438D203E0F5500D8DBE9 /* sliceBackground@2x.png in Resources */ = {isa = PBXBuildFile; fileRef = AF264377203E0F5500D8DBE9 /* sliceBackground@2x.png */; };
		AF26438E203E0F5500D8DBE9 /* sliceBomb.png in Resources */ = {isa = PBXBuildFile; fileRef = AF264378203E0F5500D8DBE9 /* sliceBomb.png */; };
		AF26438F203E0F5500D8DBE9 /* sliceLifeGone.png in Resources */ = {isa = PBXBuildFile; fileRef = AF264379203E0F5500D8DBE9 /* sliceLifeGone.png */; };
		AF264390203E0F5500D8DBE9 /* sliceHitEnemy.sks in Resources */ = {isa = PBXBuildFile; fileRef = AF26437A203E0F5500D8DBE9 /* sliceHitEnemy.sks */; };
		AF264391203E0F5500D8DBE9 /* sliceBombFuse.caf in Resources */ = {isa = PBXBuildFile; fileRef = AF26437B203E0F5500D8DBE9 /* sliceBombFuse.caf */; };
		AF264392203E0F5500D8DBE9 /* sliceHitBomb.sks in Resources */ = {isa = PBXBuildFile; fileRef = AF26437C203E0F5500D8DBE9 /* sliceHitBomb.sks */; };
		AF264393203E0F5500D8DBE9 /* penguin@2x.png in Resources */ = {isa = PBXBuildFile; fileRef = AF26437D203E0F5500D8DBE9 /* penguin@2x.png */; };
		AF264394203E0F5500D8DBE9 /* sliceLife.png in Resources */ = {isa = PBXBuildFile; fileRef = AF26437E203E0F5500D8DBE9 /* sliceLife.png */; };
		AF264395203E0F5500D8DBE9 /* swoosh3.caf in Resources */ = {isa = PBXBuildFile; fileRef = AF26437F203E0F5500D8DBE9 /* swoosh3.caf */; };
		AF264396203E0F5500D8DBE9 /* swoosh2.caf in Resources */ = {isa = PBXBuildFile; fileRef = AF264380203E0F5500D8DBE9 /* swoosh2.caf */; };
		AF264397203E0F5500D8DBE9 /* swoosh1.caf in Resources */ = {isa = PBXBuildFile; fileRef = AF264381203E0F5500D8DBE9 /* swoosh1.caf */; };
/* End PBXBuildFile section */

/* Begin PBXFileReference section */
		AF26434E203DDCB300D8DBE9 /* Swifty Ninja.app */ = {isa = PBXFileReference; explicitFileType = wrapper.application; includeInIndex = 0; path = "Swifty Ninja.app"; sourceTree = BUILT_PRODUCTS_DIR; };
		AF264351203DDCB300D8DBE9 /* AppDelegate.swift */ = {isa = PBXFileReference; lastKnownFileType = sourcecode.swift; path = AppDelegate.swift; sourceTree = "<group>"; };
		AF264353203DDCB300D8DBE9 /* GameScene.sks */ = {isa = PBXFileReference; lastKnownFileType = file.sks; path = GameScene.sks; sourceTree = "<group>"; };
		AF264357203DDCB300D8DBE9 /* GameScene.swift */ = {isa = PBXFileReference; lastKnownFileType = sourcecode.swift; path = GameScene.swift; sourceTree = "<group>"; };
		AF264359203DDCB300D8DBE9 /* GameViewController.swift */ = {isa = PBXFileReference; lastKnownFileType = sourcecode.swift; path = GameViewController.swift; sourceTree = "<group>"; };
		AF26435C203DDCB300D8DBE9 /* Base */ = {isa = PBXFileReference; lastKnownFileType = file.storyboard; name = Base; path = Base.lproj/Main.storyboard; sourceTree = "<group>"; };
		AF26435E203DDCB400D8DBE9 /* Assets.xcassets */ = {isa = PBXFileReference; lastKnownFileType = folder.assetcatalog; path = Assets.xcassets; sourceTree = "<group>"; };
		AF264361203DDCB400D8DBE9 /* Base */ = {isa = PBXFileReference; lastKnownFileType = file.storyboard; name = Base; path = Base.lproj/LaunchScreen.storyboard; sourceTree = "<group>"; };
		AF264363203DDCB400D8DBE9 /* Info.plist */ = {isa = PBXFileReference; lastKnownFileType = text.plist.xml; path = Info.plist; sourceTree = "<group>"; };
		AF264369203DDDDD00D8DBE9 /* Helper.swift */ = {isa = PBXFileReference; fileEncoding = 4; lastKnownFileType = sourcecode.swift; path = Helper.swift; sourceTree = "<group>"; };
		AF26436C203E0F5500D8DBE9 /* sliceFuse.sks */ = {isa = PBXFileReference; lastKnownFileType = file.sks; path = sliceFuse.sks; sourceTree = "<group>"; };
		AF26436D203E0F5500D8DBE9 /* sliceLife@2x.png */ = {isa = PBXFileReference; lastKnownFileType = image.png; path = "sliceLife@2x.png"; sourceTree = "<group>"; };
		AF26436E203E0F5500D8DBE9 /* sliceBomb@2x.png */ = {isa = PBXFileReference; lastKnownFileType = image.png; path = "sliceBomb@2x.png"; sourceTree = "<group>"; };
		AF26436F203E0F5500D8DBE9 /* sliceBackground.png */ = {isa = PBXFileReference; lastKnownFileType = image.png; path = sliceBackground.png; sourceTree = "<group>"; };
		AF264370203E0F5500D8DBE9 /* sliceLifeGone@2x.png */ = {isa = PBXFileReference; lastKnownFileType = image.png; path = "sliceLifeGone@2x.png"; sourceTree = "<group>"; };
		AF264371203E0F5500D8DBE9 /* spark.png */ = {isa = PBXFileReference; lastKnownFileType = image.png; path = spark.png; sourceTree = "<group>"; };
		AF264372203E0F5500D8DBE9 /* wrong.caf */ = {isa = PBXFileReference; lastKnownFileType = file; path = wrong.caf; sourceTree = "<group>"; };
		AF264373203E0F5500D8DBE9 /* whack.caf */ = {isa = PBXFileReference; lastKnownFileType = file; path = whack.caf; sourceTree = "<group>"; };
		AF264374203E0F5500D8DBE9 /* launch.caf */ = {isa = PBXFileReference; lastKnownFileType = file; path = launch.caf; sourceTree = "<group>"; };
		AF264375203E0F5500D8DBE9 /* penguin.png */ = {isa = PBXFileReference; lastKnownFileType = image.png; path = penguin.png; sourceTree = "<group>"; };
		AF264376203E0F5500D8DBE9 /* explosion.caf */ = {isa = PBXFileReference; lastKnownFileType = file; path = explosion.caf; sourceTree = "<group>"; };
		AF264377203E0F5500D8DBE9 /* sliceBackground@2x.png */ = {isa = PBXFileReference; lastKnownFileType = image.png; path = "sliceBackground@2x.png"; sourceTree = "<group>"; };
		AF264378203E0F5500D8DBE9 /* sliceBomb.png */ = {isa = PBXFileReference; lastKnownFileType = image.png; path = sliceBomb.png; sourceTree = "<group>"; };
		AF264379203E0F5500D8DBE9 /* sliceLifeGone.png */ = {isa = PBXFileReference; lastKnownFileType = image.png; path = sliceLifeGone.png; sourceTree = "<group>"; };
		AF26437A203E0F5500D8DBE9 /* sliceHitEnemy.sks */ = {isa = PBXFileReference; lastKnownFileType = file.sks; path = sliceHitEnemy.sks; sourceTree = "<group>"; };
		AF26437B203E0F5500D8DBE9 /* sliceBombFuse.caf */ = {isa = PBXFileReference; lastKnownFileType = file; path = sliceBombFuse.caf; sourceTree = "<group>"; };
		AF26437C203E0F5500D8DBE9 /* sliceHitBomb.sks */ = {isa = PBXFileReference; lastKnownFileType = file.sks; path = sliceHitBomb.sks; sourceTree = "<group>"; };
		AF26437D203E0F5500D8DBE9 /* penguin@2x.png */ = {isa = PBXFileReference; lastKnownFileType = image.png; path = "penguin@2x.png"; sourceTree = "<group>"; };
		AF26437E203E0F5500D8DBE9 /* sliceLife.png */ = {isa = PBXFileReference; lastKnownFileType = image.png; path = sliceLife.png; sourceTree = "<group>"; };
		AF26437F203E0F5500D8DBE9 /* swoosh3.caf */ = {isa = PBXFileReference; lastKnownFileType = file; path = swoosh3.caf; sourceTree = "<group>"; };
		AF264380203E0F5500D8DBE9 /* swoosh2.caf */ = {isa = PBXFileReference; lastKnownFileType = file; path = swoosh2.caf; sourceTree = "<group>"; };
		AF264381203E0F5500D8DBE9 /* swoosh1.caf */ = {isa = PBXFileReference; lastKnownFileType = file; path = swoosh1.caf; sourceTree = "<group>"; };
/* End PBXFileReference section */

/* Begin PBXFrameworksBuildPhase section */
		AF26434B203DDCB300D8DBE9 /* Frameworks */ = {
			isa = PBXFrameworksBuildPhase;
			buildActionMask = 2147483647;
			files = (
			);
			runOnlyForDeploymentPostprocessing = 0;
		};
/* End PBXFrameworksBuildPhase section */

/* Begin PBXGroup section */
		AF264345203DDCB300D8DBE9 = {
			isa = PBXGroup;
			children = (
				AF264350203DDCB300D8DBE9 /* Swifty Ninja */,
				AF26434F203DDCB300D8DBE9 /* Products */,
			);
			sourceTree = "<group>";
		};
		AF26434F203DDCB300D8DBE9 /* Products */ = {
			isa = PBXGroup;
			children = (
				AF26434E203DDCB300D8DBE9 /* Swifty Ninja.app */,
			);
			name = Products;
			sourceTree = "<group>";
		};
		AF264350203DDCB300D8DBE9 /* Swifty Ninja */ = {
			isa = PBXGroup;
			children = (
				AF264351203DDCB300D8DBE9 /* AppDelegate.swift */,
				AF264353203DDCB300D8DBE9 /* GameScene.sks */,
				AF264357203DDCB300D8DBE9 /* GameScene.swift */,
				AF264359203DDCB300D8DBE9 /* GameViewController.swift */,
				AF26435B203DDCB300D8DBE9 /* Main.storyboard */,
				AF26435E203DDCB400D8DBE9 /* Assets.xcassets */,
				AF264360203DDCB400D8DBE9 /* LaunchScreen.storyboard */,
				AF264363203DDCB400D8DBE9 /* Info.plist */,
				AF264369203DDDDD00D8DBE9 /* Helper.swift */,
				AF26436B203E0F5400D8DBE9 /* Content */,
			);
			path = "Swifty Ninja";
			sourceTree = "<group>";
		};
		AF26436B203E0F5400D8DBE9 /* Content */ = {
			isa = PBXGroup;
			children = (
				AF26436C203E0F5500D8DBE9 /* sliceFuse.sks */,
				AF26436D203E0F5500D8DBE9 /* sliceLife@2x.png */,
				AF26436E203E0F5500D8DBE9 /* sliceBomb@2x.png */,
				AF26436F203E0F5500D8DBE9 /* sliceBackground.png */,
				AF264370203E0F5500D8DBE9 /* sliceLifeGone@2x.png */,
				AF264371203E0F5500D8DBE9 /* spark.png */,
				AF264372203E0F5500D8DBE9 /* wrong.caf */,
				AF264373203E0F5500D8DBE9 /* whack.caf */,
				AF264374203E0F5500D8DBE9 /* launch.caf */,
				AF264375203E0F5500D8DBE9 /* penguin.png */,
				AF264376203E0F5500D8DBE9 /* explosion.caf */,
				AF264377203E0F5500D8DBE9 /* sliceBackground@2x.png */,
				AF264378203E0F5500D8DBE9 /* sliceBomb.png */,
				AF264379203E0F5500D8DBE9 /* sliceLifeGone.png */,
				AF26437A203E0F5500D8DBE9 /* sliceHitEnemy.sks */,
				AF26437B203E0F5500D8DBE9 /* sliceBombFuse.caf */,
				AF26437C203E0F5500D8DBE9 /* sliceHitBomb.sks */,
				AF26437D203E0F5500D8DBE9 /* penguin@2x.png */,
				AF26437E203E0F5500D8DBE9 /* sliceLife.png */,
				AF26437F203E0F5500D8DBE9 /* swoosh3.caf */,
				AF264380203E0F5500D8DBE9 /* swoosh2.caf */,
				AF264381203E0F5500D8DBE9 /* swoosh1.caf */,
			);
			path = Content;
			sourceTree = "<group>";
		};
/* End PBXGroup section */

/* Begin PBXNativeTarget section */
		AF26434D203DDCB300D8DBE9 /* Swifty Ninja */ = {
			isa = PBXNativeTarget;
			buildConfigurationList = AF264366203DDCB400D8DBE9 /* Build configuration list for PBXNativeTarget "Swifty Ninja" */;
			buildPhases = (
				AF26434A203DDCB300D8DBE9 /* Sources */,
				AF26434B203DDCB300D8DBE9 /* Frameworks */,
				AF26434C203DDCB300D8DBE9 /* Resources */,
			);
			buildRules = (
			);
			dependencies = (
			);
			name = "Swifty Ninja";
			productName = "Swifty Ninja";
			productReference = AF26434E203DDCB300D8DBE9 /* Swifty Ninja.app */;
			productType = "com.apple.product-type.application";
		};
/* End PBXNativeTarget section */

/* Begin PBXProject section */
		AF264346203DDCB300D8DBE9 /* Project object */ = {
			isa = PBXProject;
			attributes = {
				LastSwiftUpdateCheck = 0920;
				LastUpgradeCheck = 0920;
				ORGANIZATIONNAME = iGarcia;
				TargetAttributes = {
					AF26434D203DDCB300D8DBE9 = {
						CreatedOnToolsVersion = 9.2;
						ProvisioningStyle = Automatic;
					};
				};
			};
			buildConfigurationList = AF264349203DDCB300D8DBE9 /* Build configuration list for PBXProject "Swifty Ninja" */;
			compatibilityVersion = "Xcode 8.0";
			developmentRegion = en;
			hasScannedForEncodings = 0;
			knownRegions = (
				en,
				Base,
			);
			mainGroup = AF264345203DDCB300D8DBE9;
			productRefGroup = AF26434F203DDCB300D8DBE9 /* Products */;
			projectDirPath = "";
			projectRoot = "";
			targets = (
				AF26434D203DDCB300D8DBE9 /* Swifty Ninja */,
			);
		};
/* End PBXProject section */

/* Begin PBXResourcesBuildPhase section */
		AF26434C203DDCB300D8DBE9 /* Resources */ = {
			isa = PBXResourcesBuildPhase;
			buildActionMask = 2147483647;
			files = (
				AF264391203E0F5500D8DBE9 /* sliceBombFuse.caf in Resources */,
				AF264397203E0F5500D8DBE9 /* swoosh1.caf in Resources */,
				AF26438B203E0F5500D8DBE9 /* penguin.png in Resources */,
				AF26435D203DDCB300D8DBE9 /* Main.storyboard in Resources */,
				AF26438E203E0F5500D8DBE9 /* sliceBomb.png in Resources */,
				AF26438A203E0F5500D8DBE9 /* launch.caf in Resources */,
				AF26438D203E0F5500D8DBE9 /* sliceBackground@2x.png in Resources */,
				AF264386203E0F5500D8DBE9 /* sliceLifeGone@2x.png in Resources */,
				AF264383203E0F5500D8DBE9 /* sliceLife@2x.png in Resources */,
				AF264354203DDCB300D8DBE9 /* GameScene.sks in Resources */,
				AF264384203E0F5500D8DBE9 /* sliceBomb@2x.png in Resources */,
				AF264396203E0F5500D8DBE9 /* swoosh2.caf in Resources */,
				AF264390203E0F5500D8DBE9 /* sliceHitEnemy.sks in Resources */,
				AF264387203E0F5500D8DBE9 /* spark.png in Resources */,
				AF264382203E0F5500D8DBE9 /* sliceFuse.sks in Resources */,
				AF26435F203DDCB400D8DBE9 /* Assets.xcassets in Resources */,
				AF264385203E0F5500D8DBE9 /* sliceBackground.png in Resources */,
				AF264388203E0F5500D8DBE9 /* wrong.caf in Resources */,
				AF26438C203E0F5500D8DBE9 /* explosion.caf in Resources */,
				AF264395203E0F5500D8DBE9 /* swoosh3.caf in Resources */,
				AF264362203DDCB400D8DBE9 /* LaunchScreen.storyboard in Resources */,
				AF264392203E0F5500D8DBE9 /* sliceHitBomb.sks in Resources */,
				AF264389203E0F5500D8DBE9 /* whack.caf in Resources */,
				AF264394203E0F5500D8DBE9 /* sliceLife.png in Resources */,
				AF26438F203E0F5500D8DBE9 /* sliceLifeGone.png in Resources */,
				AF264393203E0F5500D8DBE9 /* penguin@2x.png in Resources */,
			);
			runOnlyForDeploymentPostprocessing = 0;
		};
/* End PBXResourcesBuildPhase section */

/* Begin PBXSourcesBuildPhase section */
		AF26434A203DDCB300D8DBE9 /* Sources */ = {
			isa = PBXSourcesBuildPhase;
			buildActionMask = 2147483647;
			files = (
				AF264358203DDCB300D8DBE9 /* GameScene.swift in Sources */,
				AF26435A203DDCB300D8DBE9 /* GameViewController.swift in Sources */,
				AF264352203DDCB300D8DBE9 /* AppDelegate.swift in Sources */,
				AF26436A203DDDDD00D8DBE9 /* Helper.swift in Sources */,
			);
			runOnlyForDeploymentPostprocessing = 0;
		};
/* End PBXSourcesBuildPhase section */

/* Begin PBXVariantGroup section */
		AF26435B203DDCB300D8DBE9 /* Main.storyboard */ = {
			isa = PBXVariantGroup;
			children = (
				AF26435C203DDCB300D8DBE9 /* Base */,
			);
			name = Main.storyboard;
			sourceTree = "<group>";
		};
		AF264360203DDCB400D8DBE9 /* LaunchScreen.storyboard */ = {
			isa = PBXVariantGroup;
			children = (
				AF264361203DDCB400D8DBE9 /* Base */,
			);
			name = LaunchScreen.storyboard;
			sourceTree = "<group>";
		};
/* End PBXVariantGroup section */

/* Begin XCBuildConfiguration section */
		AF264364203DDCB400D8DBE9 /* Debug */ = {
			isa = XCBuildConfiguration;
			buildSettings = {
				ALWAYS_SEARCH_USER_PATHS = NO;
				CLANG_ANALYZER_NONNULL = YES;
				CLANG_ANALYZER_NUMBER_OBJECT_CONVERSION = YES_AGGRESSIVE;
				CLANG_CXX_LANGUAGE_STANDARD = "gnu++14";
				CLANG_CXX_LIBRARY = "libc++";
				CLANG_ENABLE_MODULES = YES;
				CLANG_ENABLE_OBJC_ARC = YES;
				CLANG_WARN_BLOCK_CAPTURE_AUTORELEASING = YES;
				CLANG_WARN_BOOL_CONVERSION = YES;
				CLANG_WARN_COMMA = YES;
				CLANG_WARN_CONSTANT_CONVERSION = YES;
				CLANG_WARN_DIRECT_OBJC_ISA_USAGE = YES_ERROR;
				CLANG_WARN_DOCUMENTATION_COMMENTS = YES;
				CLANG_WARN_EMPTY_BODY = YES;
				CLANG_WARN_ENUM_CONVERSION = YES;
				CLANG_WARN_INFINITE_RECURSION = YES;
				CLANG_WARN_INT_CONVERSION = YES;
				CLANG_WARN_NON_LITERAL_NULL_CONVERSION = YES;
				CLANG_WARN_OBJC_LITERAL_CONVERSION = YES;
				CLANG_WARN_OBJC_ROOT_CLASS = YES_ERROR;
				CLANG_WARN_RANGE_LOOP_ANALYSIS = YES;
				CLANG_WARN_STRICT_PROTOTYPES = YES;
				CLANG_WARN_SUSPICIOUS_MOVE = YES;
				CLANG_WARN_UNGUARDED_AVAILABILITY = YES_AGGRESSIVE;
				CLANG_WARN_UNREACHABLE_CODE = YES;
				CLANG_WARN__DUPLICATE_METHOD_MATCH = YES;
				CODE_SIGN_IDENTITY = "iPhone Developer";
				COPY_PHASE_STRIP = NO;
				DEBUG_INFORMATION_FORMAT = dwarf;
				ENABLE_STRICT_OBJC_MSGSEND = YES;
				ENABLE_TESTABILITY = YES;
				GCC_C_LANGUAGE_STANDARD = gnu11;
				GCC_DYNAMIC_NO_PIC = NO;
				GCC_NO_COMMON_BLOCKS = YES;
				GCC_OPTIMIZATION_LEVEL = 0;
				GCC_PREPROCESSOR_DEFINITIONS = (
					"DEBUG=1",
					"$(inherited)",
				);
				GCC_WARN_64_TO_32_BIT_CONVERSION = YES;
				GCC_WARN_ABOUT_RETURN_TYPE = YES_ERROR;
				GCC_WARN_UNDECLARED_SELECTOR = YES;
				GCC_WARN_UNINITIALIZED_AUTOS = YES_AGGRESSIVE;
				GCC_WARN_UNUSED_FUNCTION = YES;
				GCC_WARN_UNUSED_VARIABLE = YES;
				IPHONEOS_DEPLOYMENT_TARGET = 11.2;
				MTL_ENABLE_DEBUG_INFO = YES;
				ONLY_ACTIVE_ARCH = YES;
				SDKROOT = iphoneos;
				SWIFT_ACTIVE_COMPILATION_CONDITIONS = DEBUG;
				SWIFT_OPTIMIZATION_LEVEL = "-Onone";
			};
			name = Debug;
		};
		AF264365203DDCB400D8DBE9 /* Release */ = {
			isa = XCBuildConfiguration;
			buildSettings = {
				ALWAYS_SEARCH_USER_PATHS = NO;
				CLANG_ANALYZER_NONNULL = YES;
				CLANG_ANALYZER_NUMBER_OBJECT_CONVERSION = YES_AGGRESSIVE;
				CLANG_CXX_LANGUAGE_STANDARD = "gnu++14";
				CLANG_CXX_LIBRARY = "libc++";
				CLANG_ENABLE_MODULES = YES;
				CLANG_ENABLE_OBJC_ARC = YES;
				CLANG_WARN_BLOCK_CAPTURE_AUTORELEASING = YES;
				CLANG_WARN_BOOL_CONVERSION = YES;
				CLANG_WARN_COMMA = YES;
				CLANG_WARN_CONSTANT_CONVERSION = YES;
				CLANG_WARN_DIRECT_OBJC_ISA_USAGE = YES_ERROR;
				CLANG_WARN_DOCUMENTATION_COMMENTS = YES;
				CLANG_WARN_EMPTY_BODY = YES;
				CLANG_WARN_ENUM_CONVERSION = YES;
				CLANG_WARN_INFINITE_RECURSION = YES;
				CLANG_WARN_INT_CONVERSION = YES;
				CLANG_WARN_NON_LITERAL_NULL_CONVERSION = YES;
				CLANG_WARN_OBJC_LITERAL_CONVERSION = YES;
				CLANG_WARN_OBJC_ROOT_CLASS = YES_ERROR;
				CLANG_WARN_RANGE_LOOP_ANALYSIS = YES;
				CLANG_WARN_STRICT_PROTOTYPES = YES;
				CLANG_WARN_SUSPICIOUS_MOVE = YES;
				CLANG_WARN_UNGUARDED_AVAILABILITY = YES_AGGRESSIVE;
				CLANG_WARN_UNREACHABLE_CODE = YES;
				CLANG_WARN__DUPLICATE_METHOD_MATCH = YES;
				CODE_SIGN_IDENTITY = "iPhone Developer";
				COPY_PHASE_STRIP = NO;
				DEBUG_INFORMATION_FORMAT = "dwarf-with-dsym";
				ENABLE_NS_ASSERTIONS = NO;
				ENABLE_STRICT_OBJC_MSGSEND = YES;
				GCC_C_LANGUAGE_STANDARD = gnu11;
				GCC_NO_COMMON_BLOCKS = YES;
				GCC_WARN_64_TO_32_BIT_CONVERSION = YES;
				GCC_WARN_ABOUT_RETURN_TYPE = YES_ERROR;
				GCC_WARN_UNDECLARED_SELECTOR = YES;
				GCC_WARN_UNINITIALIZED_AUTOS = YES_AGGRESSIVE;
				GCC_WARN_UNUSED_FUNCTION = YES;
				GCC_WARN_UNUSED_VARIABLE = YES;
				IPHONEOS_DEPLOYMENT_TARGET = 11.2;
				MTL_ENABLE_DEBUG_INFO = NO;
				SDKROOT = iphoneos;
				SWIFT_OPTIMIZATION_LEVEL = "-Owholemodule";
				VALIDATE_PRODUCT = YES;
			};
			name = Release;
		};
		AF264367203DDCB400D8DBE9 /* Debug */ = {
			isa = XCBuildConfiguration;
			buildSettings = {
				ASSETCATALOG_COMPILER_APPICON_NAME = AppIcon;
				CODE_SIGN_STYLE = Automatic;
				DEVELOPMENT_TEAM = XWJGD28CZ6;
				INFOPLIST_FILE = "Swifty Ninja/Info.plist";
				LD_RUNPATH_SEARCH_PATHS = "$(inherited) @executable_path/Frameworks";
				PRODUCT_BUNDLE_IDENTIFIER = "com.iGarcia.Swifty-Ninja";
				PRODUCT_NAME = "$(TARGET_NAME)";
				SWIFT_VERSION = 4.0;
				TARGETED_DEVICE_FAMILY = 2;
			};
			name = Debug;
		};
		AF264368203DDCB400D8DBE9 /* Release */ = {
			isa = XCBuildConfiguration;
			buildSettings = {
				ASSETCATALOG_COMPILER_APPICON_NAME = AppIcon;
				CODE_SIGN_STYLE = Automatic;
				DEVELOPMENT_TEAM = XWJGD28CZ6;
				INFOPLIST_FILE = "Swifty Ninja/Info.plist";
				LD_RUNPATH_SEARCH_PATHS = "$(inherited) @executable_path/Frameworks";
				PRODUCT_BUNDLE_IDENTIFIER = "com.iGarcia.Swifty-Ninja";
				PRODUCT_NAME = "$(TARGET_NAME)";
				SWIFT_VERSION = 4.0;
				TARGETED_DEVICE_FAMILY = 2;
			};
			name = Release;
		};
/* End XCBuildConfiguration section */

/* Begin XCConfigurationList section */
		AF264349203DDCB300D8DBE9 /* Build configuration list for PBXProject "Swifty Ninja" */ = {
			isa = XCConfigurationList;
			buildConfigurations = (
				AF264364203DDCB400D8DBE9 /* Debug */,
				AF264365203DDCB400D8DBE9 /* Release */,
			);
			defaultConfigurationIsVisible = 0;
			defaultConfigurationName = Release;
		};
		AF264366203DDCB400D8DBE9 /* Build configuration list for PBXNativeTarget "Swifty Ninja" */ = {
			isa = XCConfigurationList;
			buildConfigurations = (
				AF264367203DDCB400D8DBE9 /* Debug */,
				AF264368203DDCB400D8DBE9 /* Release */,
			);
			defaultConfigurationIsVisible = 0;
			defaultConfigurationName = Release;
		};
/* End XCConfigurationList section */
	};
	rootObject = AF264346203DDCB300D8DBE9 /* Project object */;
}
